
Microsoft Visual Studio Solution File, Format Version 12.00
# Visual Studio Version 17
VisualStudioVersion = 17.9.34728.123
MinimumVisualStudioVersion = 10.0.40219.1
Project("{FAE04EC0-301F-11D3-BF4B-00C04F79EFBC}") = "Hangman", "Hangman\Hangman.csproj", "{1803A65A-76A0-4D4E-A18F-3C4C90881F8A}"
EndProject
Global
	GlobalSection(SolutionConfigurationPlatforms) = preSolution
		Debug|Any CPU = Debug|Any CPU
		Release|Any CPU = Release|Any CPU
	EndGlobalSection
	GlobalSection(ProjectConfigurationPlatforms) = postSolution
		{1803A65A-76A0-4D4E-A18F-3C4C90881F8A}.Debug|Any CPU.ActiveCfg = Debug|Any CPU
		{1803A65A-76A0-4D4E-A18F-3C4C90881F8A}.Debug|Any CPU.Build.0 = Debug|Any CPU
		{1803A65A-76A0-4D4E-A18F-3C4C90881F8A}.Release|Any CPU.ActiveCfg = Release|Any CPU
		{1803A65A-76A0-4D4E-A18F-3C4C90881F8A}.Release|Any CPU.Build.0 = Release|Any CPU
	EndGlobalSection
	GlobalSection(SolutionProperties) = preSolution
		HideSolutionNode = FALSE
	EndGlobalSection
	GlobalSection(ExtensibilityGlobals) = postSolution
		SolutionGuid = {F4581CC3-B6FF-4751-8DF8-6038B5940D32}
	EndGlobalSection
EndGlobal
